
Microsoft Visual Studio Solution File, Format Version 12.00
# Visual Studio Version 17
VisualStudioVersion = 17.1.32228.430
MinimumVisualStudioVersion = 10.0.40219.1
Project("{FAE04EC0-301F-11D3-BF4B-00C04F79EFBC}") = "HotelFinder.DataAccess", "HotelFinder.DataAccess\HotelFinder.DataAccess.csproj", "{4B1A8C6D-C6E8-436D-9F7B-7C6F6DDE7BE6}"
EndProject
Project("{FAE04EC0-301F-11D3-BF4B-00C04F79EFBC}") = "HotelFinder.Entities", "HotelFinder.Entities\HotelFinder.Entities.csproj", "{EC251B4F-FC91-4768-923F-6D3C94560377}"
EndProject
Project("{FAE04EC0-301F-11D3-BF4B-00C04F79EFBC}") = "HotelFinder.Bisuiness", "HotelFinder.Bisuiness\HotelFinder.Bisuiness.csproj", "{4972A67B-2359-45FF-BF9F-6F0120FD50E9}"
EndProject
Project("{FAE04EC0-301F-11D3-BF4B-00C04F79EFBC}") = "HotelFinder.API", "HotelFinder.API\HotelFinder.API.csproj", "{AC969933-45DB-4239-A0D1-FBE8E7902A23}"
EndProject
Project("{FAE04EC0-301F-11D3-BF4B-00C04F79EFBC}") = "ApiKontrol", "ApiKontrol\ApiKontrol.csproj", "{ADA9D6D2-BF35-4771-B22E-1017598E1445}"
EndProject
Global
	GlobalSection(SolutionConfigurationPlatforms) = preSolution
		Debug|Any CPU = Debug|Any CPU
		Release|Any CPU = Release|Any CPU
	EndGlobalSection
	GlobalSection(ProjectConfigurationPlatforms) = postSolution
		{4B1A8C6D-C6E8-436D-9F7B-7C6F6DDE7BE6}.Debug|Any CPU.ActiveCfg = Debug|Any CPU
		{4B1A8C6D-C6E8-436D-9F7B-7C6F6DDE7BE6}.Debug|Any CPU.Build.0 = Debug|Any CPU
		{4B1A8C6D-C6E8-436D-9F7B-7C6F6DDE7BE6}.Release|Any CPU.ActiveCfg = Release|Any CPU
		{4B1A8C6D-C6E8-436D-9F7B-7C6F6DDE7BE6}.Release|Any CPU.Build.0 = Release|Any CPU
		{EC251B4F-FC91-4768-923F-6D3C94560377}.Debug|Any CPU.ActiveCfg = Debug|Any CPU
		{EC251B4F-FC91-4768-923F-6D3C94560377}.Debug|Any CPU.Build.0 = Debug|Any CPU
		{EC251B4F-FC91-4768-923F-6D3C94560377}.Release|Any CPU.ActiveCfg = Release|Any CPU
		{EC251B4F-FC91-4768-923F-6D3C94560377}.Release|Any CPU.Build.0 = Release|Any CPU
		{4972A67B-2359-45FF-BF9F-6F0120FD50E9}.Debug|Any CPU.ActiveCfg = Debug|Any CPU
		{4972A67B-2359-45FF-BF9F-6F0120FD50E9}.Debug|Any CPU.Build.0 = Debug|Any CPU
		{4972A67B-2359-45FF-BF9F-6F0120FD50E9}.Release|Any CPU.ActiveCfg = Release|Any CPU
		{4972A67B-2359-45FF-BF9F-6F0120FD50E9}.Release|Any CPU.Build.0 = Release|Any CPU
		{AC969933-45DB-4239-A0D1-FBE8E7902A23}.Debug|Any CPU.ActiveCfg = Debug|Any CPU
		{AC969933-45DB-4239-A0D1-FBE8E7902A23}.Debug|Any CPU.Build.0 = Debug|Any CPU
		{AC969933-45DB-4239-A0D1-FBE8E7902A23}.Release|Any CPU.ActiveCfg = Release|Any CPU
		{AC969933-45DB-4239-A0D1-FBE8E7902A23}.Release|Any CPU.Build.0 = Release|Any CPU
		{ADA9D6D2-BF35-4771-B22E-1017598E1445}.Debug|Any CPU.ActiveCfg = Debug|Any CPU
		{ADA9D6D2-BF35-4771-B22E-1017598E1445}.Debug|Any CPU.Build.0 = Debug|Any CPU
		{ADA9D6D2-BF35-4771-B22E-1017598E1445}.Release|Any CPU.ActiveCfg = Release|Any CPU
		{ADA9D6D2-BF35-4771-B22E-1017598E1445}.Release|Any CPU.Build.0 = Release|Any CPU
	EndGlobalSection
	GlobalSection(SolutionProperties) = preSolution
		HideSolutionNode = FALSE
	EndGlobalSection
	GlobalSection(ExtensibilityGlobals) = postSolution
		SolutionGuid = {D242D041-9575-4D4F-B08C-5696B699E3A1}
	EndGlobalSection
EndGlobal
